// !$*UTF8*$!
{
	archiveVersion = 1;
	classes = {
	};
	objectVersion = 46;
	objects = {

/* Begin PBXBuildFile section */
		922A118F1BF8CF9000E4CABF /* main.m in Sources */ = {isa = PBXBuildFile; fileRef = 922A118E1BF8CF9000E4CABF /* main.m */; };
		922A11921BF8CF9000E4CABF /* AppDelegate.m in Sources */ = {isa = PBXBuildFile; fileRef = 922A11911BF8CF9000E4CABF /* AppDelegate.m */; };
		922A11991BF8CF9000E4CABF /* GameViewController.m in Sources */ = {isa = PBXBuildFile; fileRef = 922A11981BF8CF9000E4CABF /* GameViewController.m */; };
		922A119C1BF8CF9000E4CABF /* Main.storyboard in Resources */ = {isa = PBXBuildFile; fileRef = 922A119A1BF8CF9000E4CABF /* Main.storyboard */; };
		922A119E1BF8CF9000E4CABF /* Assets.xcassets in Resources */ = {isa = PBXBuildFile; fileRef = 922A119D1BF8CF9000E4CABF /* Assets.xcassets */; };
		922A11A11BF8CF9000E4CABF /* LaunchScreen.storyboard in Resources */ = {isa = PBXBuildFile; fileRef = 922A119F1BF8CF9000E4CABF /* LaunchScreen.storyboard */; };
		922A11C51BF8D29B00E4CABF /* Art in Resources */ = {isa = PBXBuildFile; fileRef = 922A11C41BF8D29B00E4CABF /* Art */; };
		922A11C81BF8D2AE00E4CABF /* blit.frag in Resources */ = {isa = PBXBuildFile; fileRef = 922A11C61BF8D2AE00E4CABF /* blit.frag */; };
		922A11C91BF8D2AE00E4CABF /* blit.vert in Resources */ = {isa = PBXBuildFile; fileRef = 922A11C71BF8D2AE00E4CABF /* blit.vert */; };
		922A11CC1BF8D2CB00E4CABF /* fract.frag in Resources */ = {isa = PBXBuildFile; fileRef = 922A11CA1BF8D2CB00E4CABF /* fract.frag */; };
		922A11CD1BF8D2CB00E4CABF /* fract.vert in Resources */ = {isa = PBXBuildFile; fileRef = 922A11CB1BF8D2CB00E4CABF /* fract.vert */; };
/* End PBXBuildFile section */

/* Begin PBXContainerItemProxy section */
		922A11A81BF8CF9000E4CABF /* PBXContainerItemProxy */ = {
			isa = PBXContainerItemProxy;
			containerPortal = 922A11821BF8CF9000E4CABF /* Project object */;
			proxyType = 1;
			remoteGlobalIDString = 922A11891BF8CF9000E4CABF;
			remoteInfo = GPUPrecisionRounding;
		};
		922A11B31BF8CF9000E4CABF /* PBXContainerItemProxy */ = {
			isa = PBXContainerItemProxy;
			containerPortal = 922A11821BF8CF9000E4CABF /* Project object */;
			proxyType = 1;
			remoteGlobalIDString = 922A11891BF8CF9000E4CABF;
			remoteInfo = GPUPrecisionRounding;
		};
/* End PBXContainerItemProxy section */

/* Begin PBXFileReference section */
		922A118A1BF8CF9000E4CABF /* GPUPrecisionRounding.app */ = {isa = PBXFileReference; explicitFileType = wrapper.application; includeInIndex = 0; path = GPUPrecisionRounding.app; sourceTree = BUILT_PRODUCTS_DIR; };
		922A118E1BF8CF9000E4CABF /* main.m */ = {isa = PBXFileReference; lastKnownFileType = sourcecode.c.objc; path = main.m; sourceTree = "<group>"; };
		922A11901BF8CF9000E4CABF /* AppDelegate.h */ = {isa = PBXFileReference; lastKnownFileType = sourcecode.c.h; path = AppDelegate.h; sourceTree = "<group>"; };
		922A11911BF8CF9000E4CABF /* AppDelegate.m */ = {isa = PBXFileReference; lastKnownFileType = sourcecode.c.objc; path = AppDelegate.m; sourceTree = "<group>"; };
		922A11971BF8CF9000E4CABF /* GameViewController.h */ = {isa = PBXFileReference; lastKnownFileType = sourcecode.c.h; path = GameViewController.h; sourceTree = "<group>"; };
		922A11981BF8CF9000E4CABF /* GameViewController.m */ = {isa = PBXFileReference; lastKnownFileType = sourcecode.c.objc; path = GameViewController.m; sourceTree = "<group>"; };
		922A119B1BF8CF9000E4CABF /* Base */ = {isa = PBXFileReference; lastKnownFileType = file.storyboard; name = Base; path = Base.lproj/Main.storyboard; sourceTree = "<group>"; };
		922A119D1BF8CF9000E4CABF /* Assets.xcassets */ = {isa = PBXFileReference; lastKnownFileType = folder.assetcatalog; path = Assets.xcassets; sourceTree = "<group>"; };
		922A11A01BF8CF9000E4CABF /* Base */ = {isa = PBXFileReference; lastKnownFileType = file.storyboard; name = Base; path = Base.lproj/LaunchScreen.storyboard; sourceTree = "<group>"; };
		922A11A21BF8CF9000E4CABF /* Info.plist */ = {isa = PBXFileReference; lastKnownFileType = text.plist.xml; path = Info.plist; sourceTree = "<group>"; };
		922A11A71BF8CF9000E4CABF /* GPUPrecisionRoundingTests.xctest */ = {isa = PBXFileReference; explicitFileType = wrapper.cfbundle; includeInIndex = 0; path = GPUPrecisionRoundingTests.xctest; sourceTree = BUILT_PRODUCTS_DIR; };
		922A11B21BF8CF9000E4CABF /* GPUPrecisionRoundingUITests.xctest */ = {isa = PBXFileReference; explicitFileType = wrapper.cfbundle; includeInIndex = 0; path = GPUPrecisionRoundingUITests.xctest; sourceTree = BUILT_PRODUCTS_DIR; };
		922A11C41BF8D29B00E4CABF /* Art */ = {isa = PBXFileReference; lastKnownFileType = folder; path = Art; sourceTree = "<group>"; };
		922A11C61BF8D2AE00E4CABF /* blit.frag */ = {isa = PBXFileReference; fileEncoding = 4; lastKnownFileType = sourcecode.glsl; path = blit.frag; sourceTree = "<group>"; };
		922A11C71BF8D2AE00E4CABF /* blit.vert */ = {isa = PBXFileReference; fileEncoding = 4; lastKnownFileType = sourcecode.glsl; path = blit.vert; sourceTree = "<group>"; };
		922A11CA1BF8D2CB00E4CABF /* fract.frag */ = {isa = PBXFileReference; fileEncoding = 4; lastKnownFileType = sourcecode.glsl; path = fract.frag; sourceTree = "<group>"; };
		922A11CB1BF8D2CB00E4CABF /* fract.vert */ = {isa = PBXFileReference; fileEncoding = 4; lastKnownFileType = sourcecode.glsl; path = fract.vert; sourceTree = "<group>"; };
/* End PBXFileReference section */

/* Begin PBXFrameworksBuildPhase section */
		922A11871BF8CF9000E4CABF /* Frameworks */ = {
			isa = PBXFrameworksBuildPhase;
			buildActionMask = 2147483647;
			files = (
			);
			runOnlyForDeploymentPostprocessing = 0;
		};
		922A11A41BF8CF9000E4CABF /* Frameworks */ = {
			isa = PBXFrameworksBuildPhase;
			buildActionMask = 2147483647;
			files = (
			);
			runOnlyForDeploymentPostprocessing = 0;
		};
		922A11AF1BF8CF9000E4CABF /* Frameworks */ = {
			isa = PBXFrameworksBuildPhase;
			buildActionMask = 2147483647;
			files = (
			);
			runOnlyForDeploymentPostprocessing = 0;
		};
/* End PBXFrameworksBuildPhase section */

/* Begin PBXGroup section */
		922A11811BF8CF9000E4CABF = {
			isa = PBXGroup;
			children = (
				922A118C1BF8CF9000E4CABF /* GPUPrecisionRounding */,
				922A118B1BF8CF9000E4CABF /* Products */,
			);
			sourceTree = "<group>";
		};
		922A118B1BF8CF9000E4CABF /* Products */ = {
			isa = PBXGroup;
			children = (
				922A118A1BF8CF9000E4CABF /* GPUPrecisionRounding.app */,
				922A11A71BF8CF9000E4CABF /* GPUPrecisionRoundingTests.xctest */,
				922A11B21BF8CF9000E4CABF /* GPUPrecisionRoundingUITests.xctest */,
			);
			name = Products;
			sourceTree = "<group>";
		};
		922A118C1BF8CF9000E4CABF /* GPUPrecisionRounding */ = {
			isa = PBXGroup;
			children = (
				922A11CA1BF8D2CB00E4CABF /* fract.frag */,
				922A11CB1BF8D2CB00E4CABF /* fract.vert */,
				922A11C61BF8D2AE00E4CABF /* blit.frag */,
				922A11C71BF8D2AE00E4CABF /* blit.vert */,
				922A11C41BF8D29B00E4CABF /* Art */,
				922A11901BF8CF9000E4CABF /* AppDelegate.h */,
				922A11911BF8CF9000E4CABF /* AppDelegate.m */,
				922A11971BF8CF9000E4CABF /* GameViewController.h */,
				922A11981BF8CF9000E4CABF /* GameViewController.m */,
				922A119A1BF8CF9000E4CABF /* Main.storyboard */,
				922A119D1BF8CF9000E4CABF /* Assets.xcassets */,
				922A119F1BF8CF9000E4CABF /* LaunchScreen.storyboard */,
				922A11A21BF8CF9000E4CABF /* Info.plist */,
				922A118D1BF8CF9000E4CABF /* Supporting Files */,
			);
			path = GPUPrecisionRounding;
			sourceTree = "<group>";
		};
		922A118D1BF8CF9000E4CABF /* Supporting Files */ = {
			isa = PBXGroup;
			children = (
				922A118E1BF8CF9000E4CABF /* main.m */,
			);
			name = "Supporting Files";
			sourceTree = "<group>";
		};
/* End PBXGroup section */

/* Begin PBXNativeTarget section */
		922A11891BF8CF9000E4CABF /* GPUPrecisionRounding */ = {
			isa = PBXNativeTarget;
			buildConfigurationList = 922A11BB1BF8CF9000E4CABF /* Build configuration list for PBXNativeTarget "GPUPrecisionRounding" */;
			buildPhases = (
				922A11861BF8CF9000E4CABF /* Sources */,
				922A11871BF8CF9000E4CABF /* Frameworks */,
				922A11881BF8CF9000E4CABF /* Resources */,
			);
			buildRules = (
			);
			dependencies = (
			);
			name = GPUPrecisionRounding;
			productName = GPUPrecisionRounding;
			productReference = 922A118A1BF8CF9000E4CABF /* GPUPrecisionRounding.app */;
			productType = "com.apple.product-type.application";
		};
		922A11A61BF8CF9000E4CABF /* GPUPrecisionRoundingTests */ = {
			isa = PBXNativeTarget;
			buildConfigurationList = 922A11BE1BF8CF9000E4CABF /* Build configuration list for PBXNativeTarget "GPUPrecisionRoundingTests" */;
			buildPhases = (
				922A11A31BF8CF9000E4CABF /* Sources */,
				922A11A41BF8CF9000E4CABF /* Frameworks */,
				922A11A51BF8CF9000E4CABF /* Resources */,
			);
			buildRules = (
			);
			dependencies = (
				922A11A91BF8CF9000E4CABF /* PBXTargetDependency */,
			);
			name = GPUPrecisionRoundingTests;
			productName = GPUPrecisionRoundingTests;
			productReference = 922A11A71BF8CF9000E4CABF /* GPUPrecisionRoundingTests.xctest */;
			productType = "com.apple.product-type.bundle.unit-test";
		};
		922A11B11BF8CF9000E4CABF /* GPUPrecisionRoundingUITests */ = {
			isa = PBXNativeTarget;
			buildConfigurationList = 922A11C11BF8CF9000E4CABF /* Build configuration list for PBXNativeTarget "GPUPrecisionRoundingUITests" */;
			buildPhases = (
				922A11AE1BF8CF9000E4CABF /* Sources */,
				922A11AF1BF8CF9000E4CABF /* Frameworks */,
				922A11B01BF8CF9000E4CABF /* Resources */,
			);
			buildRules = (
			);
			dependencies = (
				922A11B41BF8CF9000E4CABF /* PBXTargetDependency */,
			);
			name = GPUPrecisionRoundingUITests;
			productName = GPUPrecisionRoundingUITests;
			productReference = 922A11B21BF8CF9000E4CABF /* GPUPrecisionRoundingUITests.xctest */;
			productType = "com.apple.product-type.bundle.ui-testing";
		};
/* End PBXNativeTarget section */

/* Begin PBXProject section */
		922A11821BF8CF9000E4CABF /* Project object */ = {
			isa = PBXProject;
			attributes = {
				LastUpgradeCheck = 0710;
				ORGANIZATIONNAME = "Denis Kovacs";
				TargetAttributes = {
					922A11891BF8CF9000E4CABF = {
						CreatedOnToolsVersion = 7.1.1;
					};
					922A11A61BF8CF9000E4CABF = {
						CreatedOnToolsVersion = 7.1.1;
						TestTargetID = 922A11891BF8CF9000E4CABF;
					};
					922A11B11BF8CF9000E4CABF = {
						CreatedOnToolsVersion = 7.1.1;
						TestTargetID = 922A11891BF8CF9000E4CABF;
					};
				};
			};
			buildConfigurationList = 922A11851BF8CF9000E4CABF /* Build configuration list for PBXProject "GPUPrecisionRounding" */;
			compatibilityVersion = "Xcode 3.2";
			developmentRegion = English;
			hasScannedForEncodings = 0;
			knownRegions = (
				en,
				Base,
			);
			mainGroup = 922A11811BF8CF9000E4CABF;
			productRefGroup = 922A118B1BF8CF9000E4CABF /* Products */;
			projectDirPath = "";
			projectRoot = "";
			targets = (
				922A11891BF8CF9000E4CABF /* GPUPrecisionRounding */,
				922A11A61BF8CF9000E4CABF /* GPUPrecisionRoundingTests */,
				922A11B11BF8CF9000E4CABF /* GPUPrecisionRoundingUITests */,
			);
		};
/* End PBXProject section */

/* Begin PBXResourcesBuildPhase section */
		922A11881BF8CF9000E4CABF /* Resources */ = {
			isa = PBXResourcesBuildPhase;
			buildActionMask = 2147483647;
			files = (
				922A11C51BF8D29B00E4CABF /* Art in Resources */,
				922A11C81BF8D2AE00E4CABF /* blit.frag in Resources */,
				922A119C1BF8CF9000E4CABF /* Main.storyboard in Resources */,
				922A11C91BF8D2AE00E4CABF /* blit.vert in Resources */,
				922A11CD1BF8D2CB00E4CABF /* fract.vert in Resources */,
				922A119E1BF8CF9000E4CABF /* Assets.xcassets in Resources */,
				922A11A11BF8CF9000E4CABF /* LaunchScreen.storyboard in Resources */,
				922A11CC1BF8D2CB00E4CABF /* fract.frag in Resources */,
			);
			runOnlyForDeploymentPostprocessing = 0;
		};
		922A11A51BF8CF9000E4CABF /* Resources */ = {
			isa = PBXResourcesBuildPhase;
			buildActionMask = 2147483647;
			files = (
			);
			runOnlyForDeploymentPostprocessing = 0;
		};
		922A11B01BF8CF9000E4CABF /* Resources */ = {
			isa = PBXResourcesBuildPhase;
			buildActionMask = 2147483647;
			files = (
			);
			runOnlyForDeploymentPostprocessing = 0;
		};
/* End PBXResourcesBuildPhase section */

/* Begin PBXSourcesBuildPhase section */
		922A11861BF8CF9000E4CABF /* Sources */ = {
			isa = PBXSourcesBuildPhase;
			buildActionMask = 2147483647;
			files = (
				922A11921BF8CF9000E4CABF /* AppDelegate.m in Sources */,
				922A11991BF8CF9000E4CABF /* GameViewController.m in Sources */,
				922A118F1BF8CF9000E4CABF /* main.m in Sources */,
			);
			runOnlyForDeploymentPostprocessing = 0;
		};
		922A11A31BF8CF9000E4CABF /* Sources */ = {
			isa = PBXSourcesBuildPhase;
			buildActionMask = 2147483647;
			files = (
			);
			runOnlyForDeploymentPostprocessing = 0;
		};
		922A11AE1BF8CF9000E4CABF /* Sources */ = {
			isa = PBXSourcesBuildPhase;
			buildActionMask = 2147483647;
			files = (
			);
			runOnlyForDeploymentPostprocessing = 0;
		};
/* End PBXSourcesBuildPhase section */

/* Begin PBXTargetDependency section */
		922A11A91BF8CF9000E4CABF /* PBXTargetDependency */ = {
			isa = PBXTargetDependency;
			target = 922A11891BF8CF9000E4CABF /* GPUPrecisionRounding */;
			targetProxy = 922A11A81BF8CF9000E4CABF /* PBXContainerItemProxy */;
		};
		922A11B41BF8CF9000E4CABF /* PBXTargetDependency */ = {
			isa = PBXTargetDependency;
			target = 922A11891BF8CF9000E4CABF /* GPUPrecisionRounding */;
			targetProxy = 922A11B31BF8CF9000E4CABF /* PBXContainerItemProxy */;
		};
/* End PBXTargetDependency section */

/* Begin PBXVariantGroup section */
		922A119A1BF8CF9000E4CABF /* Main.storyboard */ = {
			isa = PBXVariantGroup;
			children = (
				922A119B1BF8CF9000E4CABF /* Base */,
			);
			name = Main.storyboard;
			sourceTree = "<group>";
		};
		922A119F1BF8CF9000E4CABF /* LaunchScreen.storyboard */ = {
			isa = PBXVariantGroup;
			children = (
				922A11A01BF8CF9000E4CABF /* Base */,
			);
			name = LaunchScreen.storyboard;
			sourceTree = "<group>";
		};
/* End PBXVariantGroup section */

/* Begin XCBuildConfiguration section */
		922A11B91BF8CF9000E4CABF /* Debug */ = {
			isa = XCBuildConfiguration;
			buildSettings = {
				ALWAYS_SEARCH_USER_PATHS = NO;
				CLANG_CXX_LANGUAGE_STANDARD = "gnu++0x";
				CLANG_CXX_LIBRARY = "libc++";
				CLANG_ENABLE_MODULES = YES;
				CLANG_ENABLE_OBJC_ARC = YES;
				CLANG_WARN_BOOL_CONVERSION = YES;
				CLANG_WARN_CONSTANT_CONVERSION = YES;
				CLANG_WARN_DIRECT_OBJC_ISA_USAGE = YES_ERROR;
				CLANG_WARN_EMPTY_BODY = YES;
				CLANG_WARN_ENUM_CONVERSION = YES;
				CLANG_WARN_INT_CONVERSION = YES;
				CLANG_WARN_OBJC_ROOT_CLASS = YES_ERROR;
				CLANG_WARN_UNREACHABLE_CODE = YES;
				CLANG_WARN__DUPLICATE_METHOD_MATCH = YES;
				"CODE_SIGN_IDENTITY[sdk=iphoneos*]" = "iPhone Developer";
				COPY_PHASE_STRIP = NO;
				DEBUG_INFORMATION_FORMAT = "dwarf-with-dsym";
				ENABLE_STRICT_OBJC_MSGSEND = YES;
				ENABLE_TESTABILITY = YES;
				GCC_C_LANGUAGE_STANDARD = gnu99;
				GCC_DYNAMIC_NO_PIC = NO;
				GCC_NO_COMMON_BLOCKS = YES;
				GCC_OPTIMIZATION_LEVEL = 0;
				GCC_PREPROCESSOR_DEFINITIONS = (
					"DEBUG=1",
					"$(inherited)",
				);
				GCC_WARN_64_TO_32_BIT_CONVERSION = YES;
				GCC_WARN_ABOUT_RETURN_TYPE = YES_ERROR;
				GCC_WARN_UNDECLARED_SELECTOR = YES;
				GCC_WARN_UNINITIALIZED_AUTOS = YES_AGGRESSIVE;
				GCC_WARN_UNUSED_FUNCTION = YES;
				GCC_WARN_UNUSED_VARIABLE = YES;
				IPHONEOS_DEPLOYMENT_TARGET = 9.1;
				MTL_ENABLE_DEBUG_INFO = YES;
				ONLY_ACTIVE_ARCH = YES;
				SDKROOT = iphoneos;
				TARGETED_DEVICE_FAMILY = 2;
			};
			name = Debug;
		};
		922A11BA1BF8CF9000E4CABF /* Release */ = {
			isa = XCBuildConfiguration;
			buildSettings = {
				ALWAYS_SEARCH_USER_PATHS = NO;
				CLANG_CXX_LANGUAGE_STANDARD = "gnu++0x";
				CLANG_CXX_LIBRARY = "libc++";
				CLANG_ENABLE_MODULES = YES;
				CLANG_ENABLE_OBJC_ARC = YES;
				CLANG_WARN_BOOL_CONVERSION = YES;
				CLANG_WARN_CONSTANT_CONVERSION = YES;
				CLANG_WARN_DIRECT_OBJC_ISA_USAGE = YES_ERROR;
				CLANG_WARN_EMPTY_BODY = YES;
				CLANG_WARN_ENUM_CONVERSION = YES;
				CLANG_WARN_INT_CONVERSION = YES;
				CLANG_WARN_OBJC_ROOT_CLASS = YES_ERROR;
				CLANG_WARN_UNREACHABLE_CODE = YES;
				CLANG_WARN__DUPLICATE_METHOD_MATCH = YES;
				"CODE_SIGN_IDENTITY[sdk=iphoneos*]" = "iPhone Developer";
				COPY_PHASE_STRIP = NO;
				DEBUG_INFORMATION_FORMAT = "dwarf-with-dsym";
				ENABLE_NS_ASSERTIONS = NO;
				ENABLE_STRICT_OBJC_MSGSEND = YES;
				GCC_C_LANGUAGE_STANDARD = gnu99;
				GCC_NO_COMMON_BLOCKS = YES;
				GCC_WARN_64_TO_32_BIT_CONVERSION = YES;
				GCC_WARN_ABOUT_RETURN_TYPE = YES_ERROR;
				GCC_WARN_UNDECLARED_SELECTOR = YES;
				GCC_WARN_UNINITIALIZED_AUTOS = YES_AGGRESSIVE;
				GCC_WARN_UNUSED_FUNCTION = YES;
				GCC_WARN_UNUSED_VARIABLE = YES;
				IPHONEOS_DEPLOYMENT_TARGET = 9.1;
				MTL_ENABLE_DEBUG_INFO = NO;
				SDKROOT = iphoneos;
				TARGETED_DEVICE_FAMILY = 2;
				VALIDATE_PRODUCT = YES;
			};
			name = Release;
		};
		922A11BC1BF8CF9000E4CABF /* Debug */ = {
			isa = XCBuildConfiguration;
			buildSettings = {
				ASSETCATALOG_COMPILER_APPICON_NAME = AppIcon;
				INFOPLIST_FILE = GPUPrecisionRounding/Info.plist;
				IPHONEOS_DEPLOYMENT_TARGET = 9.0;
				LD_RUNPATH_SEARCH_PATHS = "$(inherited) @executable_path/Frameworks";
				PRODUCT_BUNDLE_IDENTIFIER = com.fiftythree.GPUPrecisionRounding;
				PRODUCT_NAME = "$(TARGET_NAME)";
			};
			name = Debug;
		};
		922A11BD1BF8CF9000E4CABF /* Release */ = {
			isa = XCBuildConfiguration;
			buildSettings = {
				ASSETCATALOG_COMPILER_APPICON_NAME = AppIcon;
				INFOPLIST_FILE = GPUPrecisionRounding/Info.plist;
				IPHONEOS_DEPLOYMENT_TARGET = 9.0;
				LD_RUNPATH_SEARCH_PATHS = "$(inherited) @executable_path/Frameworks";
				PRODUCT_BUNDLE_IDENTIFIER = com.fiftythree.GPUPrecisionRounding;
				PRODUCT_NAME = "$(TARGET_NAME)";
			};
			name = Release;
		};
		922A11BF1BF8CF9000E4CABF /* Debug */ = {
			isa = XCBuildConfiguration;
			buildSettings = {
				BUNDLE_LOADER = "$(TEST_HOST)";
				DEBUG_INFORMATION_FORMAT = dwarf;
				INFOPLIST_FILE = GPUPrecisionRoundingTests/Info.plist;
				LD_RUNPATH_SEARCH_PATHS = "$(inherited) @executable_path/Frameworks @loader_path/Frameworks";
				PRODUCT_BUNDLE_IDENTIFIER = com.fiftythree.GPUPrecisionRoundingTests;
				PRODUCT_NAME = "$(TARGET_NAME)";
				TEST_HOST = "$(BUILT_PRODUCTS_DIR)/GPUPrecisionRounding.app/GPUPrecisionRounding";
			};
			name = Debug;
		};
		922A11C01BF8CF9000E4CABF /* Release */ = {
			isa = XCBuildConfiguration;
			buildSettings = {
				BUNDLE_LOADER = "$(TEST_HOST)";
				INFOPLIST_FILE = GPUPrecisionRoundingTests/Info.plist;
				LD_RUNPATH_SEARCH_PATHS = "$(inherited) @executable_path/Frameworks @loader_path/Frameworks";
				PRODUCT_BUNDLE_IDENTIFIER = com.fiftythree.GPUPrecisionRoundingTests;
				PRODUCT_NAME = "$(TARGET_NAME)";
				TEST_HOST = "$(BUILT_PRODUCTS_DIR)/GPUPrecisionRounding.app/GPUPrecisionRounding";
			};
			name = Release;
		};
		922A11C21BF8CF9000E4CABF /* Debug */ = {
			isa = XCBuildConfiguration;
			buildSettings = {
				DEBUG_INFORMATION_FORMAT = dwarf;
				INFOPLIST_FILE = GPUPrecisionRoundingUITests/Info.plist;
				LD_RUNPATH_SEARCH_PATHS = "$(inherited) @executable_path/Frameworks @loader_path/Frameworks";
				PRODUCT_BUNDLE_IDENTIFIER = com.fiftythree.GPUPrecisionRoundingUITests;
				PRODUCT_NAME = "$(TARGET_NAME)";
				TEST_TARGET_NAME = GPUPrecisionRounding;
				USES_XCTRUNNER = YES;
			};
			name = Debug;
		};
		922A11C31BF8CF9000E4CABF /* Release */ = {
			isa = XCBuildConfiguration;
			buildSettings = {
				INFOPLIST_FILE = GPUPrecisionRoundingUITests/Info.plist;
				LD_RUNPATH_SEARCH_PATHS = "$(inherited) @executable_path/Frameworks @loader_path/Frameworks";
				PRODUCT_BUNDLE_IDENTIFIER = com.fiftythree.GPUPrecisionRoundingUITests;
				PRODUCT_NAME = "$(TARGET_NAME)";
				TEST_TARGET_NAME = GPUPrecisionRounding;
				USES_XCTRUNNER = YES;
			};
			name = Release;
		};
/* End XCBuildConfiguration section */

/* Begin XCConfigurationList section */
		922A11851BF8CF9000E4CABF /* Build configuration list for PBXProject "GPUPrecisionRounding" */ = {
			isa = XCConfigurationList;
			buildConfigurations = (
				922A11B91BF8CF9000E4CABF /* Debug */,
				922A11BA1BF8CF9000E4CABF /* Release */,
			);
			defaultConfigurationIsVisible = 0;
			defaultConfigurationName = Release;
		};
		922A11BB1BF8CF9000E4CABF /* Build configuration list for PBXNativeTarget "GPUPrecisionRounding" */ = {
			isa = XCConfigurationList;
			buildConfigurations = (
				922A11BC1BF8CF9000E4CABF /* Debug */,
				922A11BD1BF8CF9000E4CABF /* Release */,
			);
			defaultConfigurationIsVisible = 0;
			defaultConfigurationName = Release;
		};
		922A11BE1BF8CF9000E4CABF /* Build configuration list for PBXNativeTarget "GPUPrecisionRoundingTests" */ = {
			isa = XCConfigurationList;
			buildConfigurations = (
				922A11BF1BF8CF9000E4CABF /* Debug */,
				922A11C01BF8CF9000E4CABF /* Release */,
			);
			defaultConfigurationIsVisible = 0;
			defaultConfigurationName = Release;
		};
		922A11C11BF8CF9000E4CABF /* Build configuration list for PBXNativeTarget "GPUPrecisionRoundingUITests" */ = {
			isa = XCConfigurationList;
			buildConfigurations = (
				922A11C21BF8CF9000E4CABF /* Debug */,
				922A11C31BF8CF9000E4CABF /* Release */,
			);
			defaultConfigurationIsVisible = 0;
			defaultConfigurationName = Release;
		};
/* End XCConfigurationList section */
	};
	rootObject = 922A11821BF8CF9000E4CABF /* Project object */;
}
