// !$*UTF8*$!
{
	archiveVersion = 1;
	classes = {
	};
	objectVersion = 46;
	objects = {

/* Begin PBXBuildFile section */
		35DF6441138C40D500FF9459 /* UIKit.framework in Frameworks */ = {isa = PBXBuildFile; fileRef = 35DF6440138C40D500FF9459 /* UIKit.framework */; };
		35DF6443138C40D500FF9459 /* Foundation.framework in Frameworks */ = {isa = PBXBuildFile; fileRef = 35DF6442138C40D500FF9459 /* Foundation.framework */; };
		35DF6445138C40D500FF9459 /* CoreGraphics.framework in Frameworks */ = {isa = PBXBuildFile; fileRef = 35DF6444138C40D500FF9459 /* CoreGraphics.framework */; };
		35DF644B138C40D500FF9459 /* InfoPlist.strings in Resources */ = {isa = PBXBuildFile; fileRef = 35DF6449138C40D500FF9459 /* InfoPlist.strings */; };
		35DF644E138C40D500FF9459 /* main.m in Sources */ = {isa = PBXBuildFile; fileRef = 35DF644D138C40D500FF9459 /* main.m */; };
		35DF6451138C40D500FF9459 /* GPUPrecisionRoundingAppDelegate.m in Sources */ = {isa = PBXBuildFile; fileRef = 35DF6450138C40D500FF9459 /* GPUPrecisionRoundingAppDelegate.m */; };
		35DF6454138C40D500FF9459 /* MainWindow.xib in Resources */ = {isa = PBXBuildFile; fileRef = 35DF6452138C40D500FF9459 /* MainWindow.xib */; };
		35DF645C138C422900FF9459 /* OpenGLView.m in Sources */ = {isa = PBXBuildFile; fileRef = 35DF645B138C422800FF9459 /* OpenGLView.m */; };
		35DF645E138C427700FF9459 /* QuartzCore.framework in Frameworks */ = {isa = PBXBuildFile; fileRef = 35DF645D138C427700FF9459 /* QuartzCore.framework */; };
		35DF6460138C427E00FF9459 /* OpenGLES.framework in Frameworks */ = {isa = PBXBuildFile; fileRef = 35DF645F138C427E00FF9459 /* OpenGLES.framework */; };
		35DF6463138C44F400FF9459 /* blit.vert in Resources */ = {isa = PBXBuildFile; fileRef = 35DF6461138C44F300FF9459 /* blit.vert */; };
		35DF6464138C44F400FF9459 /* blit.frag in Resources */ = {isa = PBXBuildFile; fileRef = 35DF6462138C44F400FF9459 /* blit.frag */; };
		35DF647F138C869600FF9459 /* Icon.png in Resources */ = {isa = PBXBuildFile; fileRef = 35DF647E138C869600FF9459 /* Icon.png */; };
		923AA316184D2EC6005B694E /* GLKit.framework in Frameworks */ = {isa = PBXBuildFile; fileRef = 923AA315184D2EC6005B694E /* GLKit.framework */; };
		923AA318184D31A3005B694E /* GLKit.framework in Frameworks */ = {isa = PBXBuildFile; fileRef = 923AA317184D31A3005B694E /* GLKit.framework */; };
		923AA338184F7E3A005B694E /* Art in Resources */ = {isa = PBXBuildFile; fileRef = 923AA337184F7E3A005B694E /* Art */; };
		92F93C3A18590A9700075B2B /* fract.frag in Resources */ = {isa = PBXBuildFile; fileRef = 92F93C28185901AB00075B2B /* fract.frag */; };
		92F93C3B18590A9700075B2B /* fract.vert in Resources */ = {isa = PBXBuildFile; fileRef = 92F93C29185901AB00075B2B /* fract.vert */; };
/* End PBXBuildFile section */

/* Begin PBXFileReference section */
		35DF643C138C40D500FF9459 /* GPUPrecisionRounding.app */ = {isa = PBXFileReference; explicitFileType = wrapper.application; includeInIndex = 0; path = GPUPrecisionRounding.app; sourceTree = BUILT_PRODUCTS_DIR; };
		35DF6440138C40D500FF9459 /* UIKit.framework */ = {isa = PBXFileReference; lastKnownFileType = wrapper.framework; name = UIKit.framework; path = System/Library/Frameworks/UIKit.framework; sourceTree = SDKROOT; };
		35DF6442138C40D500FF9459 /* Foundation.framework */ = {isa = PBXFileReference; lastKnownFileType = wrapper.framework; name = Foundation.framework; path = System/Library/Frameworks/Foundation.framework; sourceTree = SDKROOT; };
		35DF6444138C40D500FF9459 /* CoreGraphics.framework */ = {isa = PBXFileReference; lastKnownFileType = wrapper.framework; name = CoreGraphics.framework; path = System/Library/Frameworks/CoreGraphics.framework; sourceTree = SDKROOT; };
		35DF6448138C40D500FF9459 /* GPUPrecisionRounding-Info.plist */ = {isa = PBXFileReference; lastKnownFileType = text.plist.xml; path = "GPUPrecisionRounding-Info.plist"; sourceTree = "<group>"; };
		35DF644A138C40D500FF9459 /* en */ = {isa = PBXFileReference; lastKnownFileType = text.plist.strings; name = en; path = en.lproj/InfoPlist.strings; sourceTree = "<group>"; };
		35DF644C138C40D500FF9459 /* GPUPrecisionRounding-Prefix.pch */ = {isa = PBXFileReference; lastKnownFileType = sourcecode.c.h; path = "GPUPrecisionRounding-Prefix.pch"; sourceTree = "<group>"; };
		35DF644D138C40D500FF9459 /* main.m */ = {isa = PBXFileReference; lastKnownFileType = sourcecode.c.objc; path = main.m; sourceTree = "<group>"; };
		35DF644F138C40D500FF9459 /* GPUPrecisionRoundingAppDelegate.h */ = {isa = PBXFileReference; lastKnownFileType = sourcecode.c.h; path = GPUPrecisionRoundingAppDelegate.h; sourceTree = "<group>"; };
		35DF6450138C40D500FF9459 /* GPUPrecisionRoundingAppDelegate.m */ = {isa = PBXFileReference; lastKnownFileType = sourcecode.c.objc; path = GPUPrecisionRoundingAppDelegate.m; sourceTree = "<group>"; };
		35DF6453138C40D500FF9459 /* en */ = {isa = PBXFileReference; lastKnownFileType = file.xib; name = en; path = en.lproj/MainWindow.xib; sourceTree = "<group>"; };
		35DF645A138C422800FF9459 /* OpenGLView.h */ = {isa = PBXFileReference; fileEncoding = 4; lastKnownFileType = sourcecode.c.h; path = OpenGLView.h; sourceTree = "<group>"; };
		35DF645B138C422800FF9459 /* OpenGLView.m */ = {isa = PBXFileReference; fileEncoding = 4; lastKnownFileType = sourcecode.c.objc; path = OpenGLView.m; sourceTree = "<group>"; };
		35DF645D138C427700FF9459 /* QuartzCore.framework */ = {isa = PBXFileReference; lastKnownFileType = wrapper.framework; name = QuartzCore.framework; path = System/Library/Frameworks/QuartzCore.framework; sourceTree = SDKROOT; };
		35DF645F138C427E00FF9459 /* OpenGLES.framework */ = {isa = PBXFileReference; lastKnownFileType = wrapper.framework; name = OpenGLES.framework; path = System/Library/Frameworks/OpenGLES.framework; sourceTree = SDKROOT; };
		35DF6461138C44F300FF9459 /* blit.vert */ = {isa = PBXFileReference; fileEncoding = 4; lastKnownFileType = sourcecode.glsl; path = blit.vert; sourceTree = "<group>"; };
		35DF6462138C44F400FF9459 /* blit.frag */ = {isa = PBXFileReference; fileEncoding = 4; lastKnownFileType = sourcecode.glsl; path = blit.frag; sourceTree = "<group>"; };
		35DF647E138C869600FF9459 /* Icon.png */ = {isa = PBXFileReference; lastKnownFileType = image.png; path = Icon.png; sourceTree = "<group>"; };
		923AA315184D2EC6005B694E /* GLKit.framework */ = {isa = PBXFileReference; lastKnownFileType = wrapper.framework; name = GLKit.framework; path = System/Library/Frameworks/GLKit.framework; sourceTree = SDKROOT; };
		923AA317184D31A3005B694E /* GLKit.framework */ = {isa = PBXFileReference; lastKnownFileType = wrapper.framework; name = GLKit.framework; path = System/Library/Frameworks/GLKit.framework; sourceTree = SDKROOT; };
		923AA337184F7E3A005B694E /* Art */ = {isa = PBXFileReference; lastKnownFileType = folder; path = Art; sourceTree = "<group>"; };
		92F93C28185901AB00075B2B /* fract.frag */ = {isa = PBXFileReference; fileEncoding = 4; lastKnownFileType = sourcecode.glsl; path = fract.frag; sourceTree = "<group>"; };
		92F93C29185901AB00075B2B /* fract.vert */ = {isa = PBXFileReference; fileEncoding = 4; lastKnownFileType = sourcecode.glsl; path = fract.vert; sourceTree = "<group>"; };
/* End PBXFileReference section */

/* Begin PBXFrameworksBuildPhase section */
		35DF6439138C40D500FF9459 /* Frameworks */ = {
			isa = PBXFrameworksBuildPhase;
			buildActionMask = 2147483647;
			files = (
				923AA316184D2EC6005B694E /* GLKit.framework in Frameworks */,
				35DF6460138C427E00FF9459 /* OpenGLES.framework in Frameworks */,
				35DF645E138C427700FF9459 /* QuartzCore.framework in Frameworks */,
				35DF6441138C40D500FF9459 /* UIKit.framework in Frameworks */,
				923AA318184D31A3005B694E /* GLKit.framework in Frameworks */,
				35DF6443138C40D500FF9459 /* Foundation.framework in Frameworks */,
				35DF6445138C40D500FF9459 /* CoreGraphics.framework in Frameworks */,
			);
			runOnlyForDeploymentPostprocessing = 0;
		};
/* End PBXFrameworksBuildPhase section */

/* Begin PBXGroup section */
		35DF6431138C40D500FF9459 = {
			isa = PBXGroup;
			children = (
				923AA317184D31A3005B694E /* GLKit.framework */,
				35DF645F138C427E00FF9459 /* OpenGLES.framework */,
				35DF645D138C427700FF9459 /* QuartzCore.framework */,
				35DF6446138C40D500FF9459 /* GPUPrecisionRounding */,
				35DF643F138C40D500FF9459 /* Frameworks */,
				35DF643D138C40D500FF9459 /* Products */,
			);
			sourceTree = "<group>";
		};
		35DF643D138C40D500FF9459 /* Products */ = {
			isa = PBXGroup;
			children = (
				35DF643C138C40D500FF9459 /* GPUPrecisionRounding.app */,
			);
			name = Products;
			sourceTree = "<group>";
		};
		35DF643F138C40D500FF9459 /* Frameworks */ = {
			isa = PBXGroup;
			children = (
				923AA315184D2EC6005B694E /* GLKit.framework */,
				35DF6440138C40D500FF9459 /* UIKit.framework */,
				35DF6442138C40D500FF9459 /* Foundation.framework */,
				35DF6444138C40D500FF9459 /* CoreGraphics.framework */,
			);
			name = Frameworks;
			sourceTree = "<group>";
		};
		35DF6446138C40D500FF9459 /* GPUPrecisionRounding */ = {
			isa = PBXGroup;
			children = (
				923AA337184F7E3A005B694E /* Art */,
				35DF6461138C44F300FF9459 /* blit.vert */,
				35DF6462138C44F400FF9459 /* blit.frag */,
				92F93C28185901AB00075B2B /* fract.frag */,
				92F93C29185901AB00075B2B /* fract.vert */,
				35DF644F138C40D500FF9459 /* GPUPrecisionRoundingAppDelegate.h */,
				35DF6450138C40D500FF9459 /* GPUPrecisionRoundingAppDelegate.m */,
				35DF6452138C40D500FF9459 /* MainWindow.xib */,
				35DF645A138C422800FF9459 /* OpenGLView.h */,
				35DF645B138C422800FF9459 /* OpenGLView.m */,
				35DF6447138C40D500FF9459 /* Supporting Files */,
			);
			path = GPUPrecisionRounding;
			sourceTree = "<group>";
		};
		35DF6447138C40D500FF9459 /* Supporting Files */ = {
			isa = PBXGroup;
			children = (
				35DF647E138C869600FF9459 /* Icon.png */,
				35DF6448138C40D500FF9459 /* GPUPrecisionRounding-Info.plist */,
				35DF6449138C40D500FF9459 /* InfoPlist.strings */,
				35DF644C138C40D500FF9459 /* GPUPrecisionRounding-Prefix.pch */,
				35DF644D138C40D500FF9459 /* main.m */,
			);
			name = "Supporting Files";
			sourceTree = "<group>";
		};
/* End PBXGroup section */

/* Begin PBXNativeTarget section */
		35DF643B138C40D500FF9459 /* GPUPrecisionRounding */ = {
			isa = PBXNativeTarget;
			buildConfigurationList = 35DF6457138C40D500FF9459 /* Build configuration list for PBXNativeTarget "GPUPrecisionRounding" */;
			buildPhases = (
				35DF6438138C40D500FF9459 /* Sources */,
				35DF6439138C40D500FF9459 /* Frameworks */,
				35DF643A138C40D500FF9459 /* Resources */,
			);
			buildRules = (
			);
			dependencies = (
			);
			name = GPUPrecisionRounding;
			productName = GPUPrecisionRounding;
			productReference = 35DF643C138C40D500FF9459 /* GPUPrecisionRounding.app */;
			productType = "com.apple.product-type.application";
		};
/* End PBXNativeTarget section */

/* Begin PBXProject section */
		35DF6433138C40D500FF9459 /* Project object */ = {
			isa = PBXProject;
			attributes = {
			};
			buildConfigurationList = 35DF6436138C40D500FF9459 /* Build configuration list for PBXProject "GPUPrecisionRounding" */;
			compatibilityVersion = "Xcode 3.2";
			developmentRegion = English;
			hasScannedForEncodings = 0;
			knownRegions = (
				en,
			);
			mainGroup = 35DF6431138C40D500FF9459;
			productRefGroup = 35DF643D138C40D500FF9459 /* Products */;
			projectDirPath = "";
			projectRoot = "";
			targets = (
				35DF643B138C40D500FF9459 /* GPUPrecisionRounding */,
			);
		};
/* End PBXProject section */

/* Begin PBXResourcesBuildPhase section */
		35DF643A138C40D500FF9459 /* Resources */ = {
			isa = PBXResourcesBuildPhase;
			buildActionMask = 2147483647;
			files = (
				92F93C3A18590A9700075B2B /* fract.frag in Resources */,
				92F93C3B18590A9700075B2B /* fract.vert in Resources */,
				35DF644B138C40D500FF9459 /* InfoPlist.strings in Resources */,
				35DF6454138C40D500FF9459 /* MainWindow.xib in Resources */,
				35DF6463138C44F400FF9459 /* blit.vert in Resources */,
				35DF6464138C44F400FF9459 /* blit.frag in Resources */,
				923AA338184F7E3A005B694E /* Art in Resources */,
				35DF647F138C869600FF9459 /* Icon.png in Resources */,
			);
			runOnlyForDeploymentPostprocessing = 0;
		};
/* End PBXResourcesBuildPhase section */

/* Begin PBXSourcesBuildPhase section */
		35DF6438138C40D500FF9459 /* Sources */ = {
			isa = PBXSourcesBuildPhase;
			buildActionMask = 2147483647;
			files = (
				35DF644E138C40D500FF9459 /* main.m in Sources */,
				35DF6451138C40D500FF9459 /* GPUPrecisionRoundingAppDelegate.m in Sources */,
				35DF645C138C422900FF9459 /* OpenGLView.m in Sources */,
			);
			runOnlyForDeploymentPostprocessing = 0;
		};
/* End PBXSourcesBuildPhase section */

/* Begin PBXVariantGroup section */
		35DF6449138C40D500FF9459 /* InfoPlist.strings */ = {
			isa = PBXVariantGroup;
			children = (
				35DF644A138C40D500FF9459 /* en */,
			);
			name = InfoPlist.strings;
			sourceTree = "<group>";
		};
		35DF6452138C40D500FF9459 /* MainWindow.xib */ = {
			isa = PBXVariantGroup;
			children = (
				35DF6453138C40D500FF9459 /* en */,
			);
			name = MainWindow.xib;
			sourceTree = "<group>";
		};
/* End PBXVariantGroup section */

/* Begin XCBuildConfiguration section */
		35DF6455138C40D500FF9459 /* Debug */ = {
			isa = XCBuildConfiguration;
			buildSettings = {
				ARCHS = "$(ARCHS_STANDARD_INCLUDING_64_BIT)";
				"CODE_SIGN_IDENTITY[sdk=iphoneos*]" = "iPhone Developer";
				GCC_C_LANGUAGE_STANDARD = gnu99;
				GCC_OPTIMIZATION_LEVEL = 0;
				GCC_PREPROCESSOR_DEFINITIONS = DEBUG;
				GCC_SYMBOLS_PRIVATE_EXTERN = NO;
				GCC_VERSION = "";
				GCC_WARN_ABOUT_RETURN_TYPE = YES;
				GCC_WARN_UNUSED_VARIABLE = YES;
				IPHONEOS_DEPLOYMENT_TARGET = 4.3;
				SDKROOT = iphoneos;
			};
			name = Debug;
		};
		35DF6456138C40D500FF9459 /* Release */ = {
			isa = XCBuildConfiguration;
			buildSettings = {
				ARCHS = "$(ARCHS_STANDARD_INCLUDING_64_BIT)";
				"CODE_SIGN_IDENTITY[sdk=iphoneos*]" = "iPhone Developer";
				GCC_C_LANGUAGE_STANDARD = gnu99;
				GCC_VERSION = "";
				GCC_WARN_ABOUT_RETURN_TYPE = YES;
				GCC_WARN_UNUSED_VARIABLE = YES;
				IPHONEOS_DEPLOYMENT_TARGET = 4.3;
				OTHER_CFLAGS = "-DNS_BLOCK_ASSERTIONS=1";
				SDKROOT = iphoneos;
			};
			name = Release;
		};
		35DF6458138C40D500FF9459 /* Debug */ = {
			isa = XCBuildConfiguration;
			buildSettings = {
				ALWAYS_SEARCH_USER_PATHS = NO;
				COPY_PHASE_STRIP = NO;
				GCC_DYNAMIC_NO_PIC = NO;
				GCC_PRECOMPILE_PREFIX_HEADER = YES;
				GCC_PREFIX_HEADER = "GPUPrecisionRounding/GPUPrecisionRounding-Prefix.pch";
				INFOPLIST_FILE = "GPUPrecisionRounding/GPUPrecisionRounding-Info.plist";
				IPHONEOS_DEPLOYMENT_TARGET = 6.0;
				PRODUCT_NAME = "$(TARGET_NAME)";
				TARGETED_DEVICE_FAMILY = 2;
				WRAPPER_EXTENSION = app;
			};
			name = Debug;
		};
		35DF6459138C40D500FF9459 /* Release */ = {
			isa = XCBuildConfiguration;
			buildSettings = {
				ALWAYS_SEARCH_USER_PATHS = NO;
				COPY_PHASE_STRIP = YES;
				GCC_PRECOMPILE_PREFIX_HEADER = YES;
				GCC_PREFIX_HEADER = "GPUPrecisionRounding/GPUPrecisionRounding-Prefix.pch";
				INFOPLIST_FILE = "GPUPrecisionRounding/GPUPrecisionRounding-Info.plist";
				IPHONEOS_DEPLOYMENT_TARGET = 6.0;
				PRODUCT_NAME = "$(TARGET_NAME)";
				TARGETED_DEVICE_FAMILY = 2;
				VALIDATE_PRODUCT = YES;
				WRAPPER_EXTENSION = app;
			};
			name = Release;
		};
/* End XCBuildConfiguration section */

/* Begin XCConfigurationList section */
		35DF6436138C40D500FF9459 /* Build configuration list for PBXProject "GPUPrecisionRounding" */ = {
			isa = XCConfigurationList;
			buildConfigurations = (
				35DF6455138C40D500FF9459 /* Debug */,
				35DF6456138C40D500FF9459 /* Release */,
			);
			defaultConfigurationIsVisible = 0;
			defaultConfigurationName = Release;
		};
		35DF6457138C40D500FF9459 /* Build configuration list for PBXNativeTarget "GPUPrecisionRounding" */ = {
			isa = XCConfigurationList;
			buildConfigurations = (
				35DF6458138C40D500FF9459 /* Debug */,
				35DF6459138C40D500FF9459 /* Release */,
			);
			defaultConfigurationIsVisible = 0;
			defaultConfigurationName = Release;
		};
/* End XCConfigurationList section */
	};
	rootObject = 35DF6433138C40D500FF9459 /* Project object */;
}
